
Microsoft Visual Studio Solution File, Format Version 12.00
# Visual Studio Version 17
VisualStudioVersion = 17.0.32112.339
MinimumVisualStudioVersion = 10.0.40219.1
Project("{9A19103F-16F7-4668-BE54-9A1E7A4F7556}") = "01. Count Real Numbers", "01. Count Real Numbers\01. Count Real Numbers.csproj", "{5E950BA7-C5DE-439F-A6AE-754CDC1C1C90}"
EndProject
Project("{9A19103F-16F7-4668-BE54-9A1E7A4F7556}") = "02. Odd Occurrences", "02. Odd Occurrences\02. Odd Occurrences.csproj", "{7399A37D-6426-4B5E-85B3-781E84ED2425}"
EndProject
Project("{FAE04EC0-301F-11D3-BF4B-00C04F79EFBC}") = "03. Word Synonyms", "03. Word Synonyms\03. Word Synonyms.csproj", "{2217C64A-A72C-4C8F-8F57-FC97DA8BC4DF}"
EndProject
Project("{FAE04EC0-301F-11D3-BF4B-00C04F79EFBC}") = "04. Word Filter", "04. Word Filter\04. Word Filter.csproj", "{F3A0ED81-83C7-48E8-B820-6018AEBEACEA}"
EndProject
Global
	GlobalSection(SolutionConfigurationPlatforms) = preSolution
		Debug|Any CPU = Debug|Any CPU
		Release|Any CPU = Release|Any CPU
	EndGlobalSection
	GlobalSection(ProjectConfigurationPlatforms) = postSolution
		{5E950BA7-C5DE-439F-A6AE-754CDC1C1C90}.Debug|Any CPU.ActiveCfg = Debug|Any CPU
		{5E950BA7-C5DE-439F-A6AE-754CDC1C1C90}.Debug|Any CPU.Build.0 = Debug|Any CPU
		{5E950BA7-C5DE-439F-A6AE-754CDC1C1C90}.Release|Any CPU.ActiveCfg = Release|Any CPU
		{5E950BA7-C5DE-439F-A6AE-754CDC1C1C90}.Release|Any CPU.Build.0 = Release|Any CPU
		{7399A37D-6426-4B5E-85B3-781E84ED2425}.Debug|Any CPU.ActiveCfg = Debug|Any CPU
		{7399A37D-6426-4B5E-85B3-781E84ED2425}.Debug|Any CPU.Build.0 = Debug|Any CPU
		{7399A37D-6426-4B5E-85B3-781E84ED2425}.Release|Any CPU.ActiveCfg = Release|Any CPU
		{7399A37D-6426-4B5E-85B3-781E84ED2425}.Release|Any CPU.Build.0 = Release|Any CPU
		{2217C64A-A72C-4C8F-8F57-FC97DA8BC4DF}.Debug|Any CPU.ActiveCfg = Debug|Any CPU
		{2217C64A-A72C-4C8F-8F57-FC97DA8BC4DF}.Debug|Any CPU.Build.0 = Debug|Any CPU
		{2217C64A-A72C-4C8F-8F57-FC97DA8BC4DF}.Release|Any CPU.ActiveCfg = Release|Any CPU
		{2217C64A-A72C-4C8F-8F57-FC97DA8BC4DF}.Release|Any CPU.Build.0 = Release|Any CPU
		{F3A0ED81-83C7-48E8-B820-6018AEBEACEA}.Debug|Any CPU.ActiveCfg = Debug|Any CPU
		{F3A0ED81-83C7-48E8-B820-6018AEBEACEA}.Debug|Any CPU.Build.0 = Debug|Any CPU
		{F3A0ED81-83C7-48E8-B820-6018AEBEACEA}.Release|Any CPU.ActiveCfg = Release|Any CPU
		{F3A0ED81-83C7-48E8-B820-6018AEBEACEA}.Release|Any CPU.Build.0 = Release|Any CPU
	EndGlobalSection
	GlobalSection(SolutionProperties) = preSolution
		HideSolutionNode = FALSE
	EndGlobalSection
	GlobalSection(ExtensibilityGlobals) = postSolution
		SolutionGuid = {34733436-1312-4C2C-8F7D-B5B2D00BFBD0}
	EndGlobalSection
EndGlobal
